
Microsoft Visual Studio Solution File, Format Version 12.00
# Visual Studio Version 17
VisualStudioVersion = 17.2.32519.379
MinimumVisualStudioVersion = 10.0.40219.1
Project("{FAE04EC0-301F-11D3-BF4B-00C04F79EFBC}") = "pryEstructuraDeDatos", "pryEstructuraDeDatos.csproj", "{845C7836-322F-4FBE-8BCD-062C0E2FAA8D}"
EndProject
Global
	GlobalSection(SolutionConfigurationPlatforms) = preSolution
		Debug|Any CPU = Debug|Any CPU
		Release|Any CPU = Release|Any CPU
	EndGlobalSection
	GlobalSection(ProjectConfigurationPlatforms) = postSolution
		{845C7836-322F-4FBE-8BCD-062C0E2FAA8D}.Debug|Any CPU.ActiveCfg = Debug|Any CPU
		{845C7836-322F-4FBE-8BCD-062C0E2FAA8D}.Debug|Any CPU.Build.0 = Debug|Any CPU
		{845C7836-322F-4FBE-8BCD-062C0E2FAA8D}.Release|Any CPU.ActiveCfg = Release|Any CPU
		{845C7836-322F-4FBE-8BCD-062C0E2FAA8D}.Release|Any CPU.Build.0 = Release|Any CPU
	EndGlobalSection
	GlobalSection(SolutionProperties) = preSolution
		HideSolutionNode = FALSE
	EndGlobalSection
	GlobalSection(ExtensibilityGlobals) = postSolution
		SolutionGuid = {34FD3FD0-3204-4C8F-80FC-FCDCEDA94229}
	EndGlobalSection
EndGlobal
